
Microsoft Visual Studio Solution File, Format Version 12.00
# Visual Studio Version 17
VisualStudioVersion = 17.7.34018.315
MinimumVisualStudioVersion = 10.0.40219.1
Project("{FAE04EC0-301F-11D3-BF4B-00C04F79EFBC}") = "SAYİ_TAHMİN_OYUNU", "SAYİ_TAHMİN_OYUNU\SAYİ_TAHMİN_OYUNU.csproj", "{92CB54CE-D5B9-47D5-9CFC-5433BD0FF9EA}"
EndProject
Global
	GlobalSection(SolutionConfigurationPlatforms) = preSolution
		Debug|Any CPU = Debug|Any CPU
		Release|Any CPU = Release|Any CPU
	EndGlobalSection
	GlobalSection(ProjectConfigurationPlatforms) = postSolution
		{92CB54CE-D5B9-47D5-9CFC-5433BD0FF9EA}.Debug|Any CPU.ActiveCfg = Debug|Any CPU
		{92CB54CE-D5B9-47D5-9CFC-5433BD0FF9EA}.Debug|Any CPU.Build.0 = Debug|Any CPU
		{92CB54CE-D5B9-47D5-9CFC-5433BD0FF9EA}.Release|Any CPU.ActiveCfg = Release|Any CPU
		{92CB54CE-D5B9-47D5-9CFC-5433BD0FF9EA}.Release|Any CPU.Build.0 = Release|Any CPU
	EndGlobalSection
	GlobalSection(SolutionProperties) = preSolution
		HideSolutionNode = FALSE
	EndGlobalSection
	GlobalSection(ExtensibilityGlobals) = postSolution
		SolutionGuid = {0AAEFFC3-CA0A-468F-9B3B-493FF39011AC}
	EndGlobalSection
EndGlobal
